
Microsoft Visual Studio Solution File, Format Version 12.00
# Visual Studio Version 17
VisualStudioVersion = 17.8.34525.116
MinimumVisualStudioVersion = 10.0.40219.1
Project("{FAE04EC0-301F-11D3-BF4B-00C04F79EFBC}") = "exer10", "exer10\exer10.csproj", "{37B4BAC8-42CE-4C43-8960-C534B27F6955}"
EndProject
Global
	GlobalSection(SolutionConfigurationPlatforms) = preSolution
		Debug|Any CPU = Debug|Any CPU
		Release|Any CPU = Release|Any CPU
	EndGlobalSection
	GlobalSection(ProjectConfigurationPlatforms) = postSolution
		{37B4BAC8-42CE-4C43-8960-C534B27F6955}.Debug|Any CPU.ActiveCfg = Debug|Any CPU
		{37B4BAC8-42CE-4C43-8960-C534B27F6955}.Debug|Any CPU.Build.0 = Debug|Any CPU
		{37B4BAC8-42CE-4C43-8960-C534B27F6955}.Release|Any CPU.ActiveCfg = Release|Any CPU
		{37B4BAC8-42CE-4C43-8960-C534B27F6955}.Release|Any CPU.Build.0 = Release|Any CPU
	EndGlobalSection
	GlobalSection(SolutionProperties) = preSolution
		HideSolutionNode = FALSE
	EndGlobalSection
	GlobalSection(ExtensibilityGlobals) = postSolution
		SolutionGuid = {6C5B5249-EFE9-45DD-9520-252366425C12}
	EndGlobalSection
EndGlobal
